// !$*UTF8*$!
{
	archiveVersion = 1;
	classes = {
	};
	objectVersion = 70;
	objects = {

/* Begin PBXBuildFile section */
		00B980C72E869B27005D4EAB /* CircleImage.swift in Sources */ = {isa = PBXBuildFile; fileRef = 00B980C62E869B27005D4EAB /* CircleImage.swift */; };
		00B980C92E869DA1005D4EAB /* MapView.swift in Sources */ = {isa = PBXBuildFile; fileRef = 00B980C82E869DA1005D4EAB /* MapView.swift */; };
		00B980DC2E86B14F005D4EAB /* chilkoottrail@2x.jpg in Resources */ = {isa = PBXBuildFile; fileRef = 00B980CD2E86B14F005D4EAB /* chilkoottrail@2x.jpg */; };
		00B980DD2E86B14F005D4EAB /* icybay@2x.jpg in Resources */ = {isa = PBXBuildFile; fileRef = 00B980D02E86B14F005D4EAB /* icybay@2x.jpg */; };
		00B980DE2E86B14F005D4EAB /* rainbowlake@2x.jpg in Resources */ = {isa = PBXBuildFile; fileRef = 00B980D22E86B14F005D4EAB /* rainbowlake@2x.jpg */; };
		00B980DF2E86B14F005D4EAB /* charleyrivers@2x.jpg in Resources */ = {isa = PBXBuildFile; fileRef = 00B980CC2E86B14F005D4EAB /* charleyrivers@2x.jpg */; };
		00B980E02E86B14F005D4EAB /* LICENSE.txt in Resources */ = {isa = PBXBuildFile; fileRef = 00B980D82E86B14F005D4EAB /* LICENSE.txt */; };
		00B980E12E86B14F005D4EAB /* stmarylake@2x.jpg in Resources */ = {isa = PBXBuildFile; fileRef = 00B980D42E86B14F005D4EAB /* stmarylake@2x.jpg */; };
		00B980E22E86B14F005D4EAB /* twinlake@2x.jpg in Resources */ = {isa = PBXBuildFile; fileRef = 00B980D52E86B14F005D4EAB /* twinlake@2x.jpg */; };
		00B980E32E86B14F005D4EAB /* landmarkData.json in Resources */ = {isa = PBXBuildFile; fileRef = 00B980DA2E86B14F005D4EAB /* landmarkData.json */; };
		00B980E42E86B14F005D4EAB /* lakemcdonald@2x.jpg in Resources */ = {isa = PBXBuildFile; fileRef = 00B980D12E86B14F005D4EAB /* lakemcdonald@2x.jpg */; };
		00B980E52E86B14F005D4EAB /* umbagog@2x.jpg in Resources */ = {isa = PBXBuildFile; fileRef = 00B980D62E86B14F005D4EAB /* umbagog@2x.jpg */; };
		00B980E62E86B14F005D4EAB /* hiddenlake@2x.jpg in Resources */ = {isa = PBXBuildFile; fileRef = 00B980CF2E86B14F005D4EAB /* hiddenlake@2x.jpg */; };
		00B980E72E86B14F005D4EAB /* chincoteague@2x.jpg in Resources */ = {isa = PBXBuildFile; fileRef = 00B980CE2E86B14F005D4EAB /* chincoteague@2x.jpg */; };
		00B980E82E86B14F005D4EAB /* silversalmoncreek@2x.jpg in Resources */ = {isa = PBXBuildFile; fileRef = 00B980D32E86B14F005D4EAB /* silversalmoncreek@2x.jpg */; };
		00B980EC2E86B320005D4EAB /* ModelData.swift in Sources */ = {isa = PBXBuildFile; fileRef = 00B980EB2E86B320005D4EAB /* ModelData.swift */; };
		00BD60952E86E48D00282945 /* LandmarkRow.swift in Sources */ = {isa = PBXBuildFile; fileRef = 00BD60942E86E48D00282945 /* LandmarkRow.swift */; };
		00BD60982E86F22E00282945 /* HexagonParameters.swift in Sources */ = {isa = PBXBuildFile; fileRef = 00BD60972E86F22E00282945 /* HexagonParameters.swift */; };
		00BD609A2E86F4CC00282945 /* BadgeBackground.swift in Sources */ = {isa = PBXBuildFile; fileRef = 00BD60992E86F4CC00282945 /* BadgeBackground.swift */; };
		00BD609C2E86F8AB00282945 /* BadgeSymbol.swift in Sources */ = {isa = PBXBuildFile; fileRef = 00BD609B2E86F8AB00282945 /* BadgeSymbol.swift */; };
		00BD609E2E86F93000282945 /* RotatedBadgeSymbol.swift in Sources */ = {isa = PBXBuildFile; fileRef = 00BD609D2E86F93000282945 /* RotatedBadgeSymbol.swift */; };
		00BD60A02E86F96C00282945 /* Badge.swift in Sources */ = {isa = PBXBuildFile; fileRef = 00BD609F2E86F96C00282945 /* Badge.swift */; };
		00BD60A32E86FAEB00282945 /* hikeData.json in Resources */ = {isa = PBXBuildFile; fileRef = 00BD60A22E86FAEB00282945 /* hikeData.json */; };
		00BD60A52E86FB1D00282945 /* Hike.swift in Sources */ = {isa = PBXBuildFile; fileRef = 00BD60A42E86FB1D00282945 /* Hike.swift */; };
		00BD60A72E86FBD100282945 /* Landmark.swift in Sources */ = {isa = PBXBuildFile; fileRef = 00BD60A62E86FBD100282945 /* Landmark.swift */; };
		00BD60AD2E86FD2A00282945 /* HikeView.swift in Sources */ = {isa = PBXBuildFile; fileRef = 00BD60AB2E86FD2A00282945 /* HikeView.swift */; };
		00BD60AE2E86FD2A00282945 /* HikeDetail.swift in Sources */ = {isa = PBXBuildFile; fileRef = 00BD60A92E86FD2A00282945 /* HikeDetail.swift */; };
		00BD60AF2E86FD2A00282945 /* HikeGraph.swift in Sources */ = {isa = PBXBuildFile; fileRef = 00BD60AA2E86FD2A00282945 /* HikeGraph.swift */; };
		00BD60B02E86FD2A00282945 /* GraphCapsule.swift in Sources */ = {isa = PBXBuildFile; fileRef = 00BD60A82E86FD2A00282945 /* GraphCapsule.swift */; };
		00BD60B32E870F0B00282945 /* CategoryHome.swift in Sources */ = {isa = PBXBuildFile; fileRef = 00BD60B22E870F0B00282945 /* CategoryHome.swift */; };
		00BD60B52E87126400282945 /* CategoryRow.swift in Sources */ = {isa = PBXBuildFile; fileRef = 00BD60B42E87126400282945 /* CategoryRow.swift */; };
		00BD60B72E8714BA00282945 /* CategoryItem.swift in Sources */ = {isa = PBXBuildFile; fileRef = 00BD60B62E8714BA00282945 /* CategoryItem.swift */; };
		00BD60B92E871F5900282945 /* Profile.swift in Sources */ = {isa = PBXBuildFile; fileRef = 00BD60B82E871F5900282945 /* Profile.swift */; };
		00BD60BC2E87202E00282945 /* ProfileHost.swift in Sources */ = {isa = PBXBuildFile; fileRef = 00BD60BB2E87202E00282945 /* ProfileHost.swift */; };
		00BD60BE2E8720B600282945 /* ProfileSummary.swift in Sources */ = {isa = PBXBuildFile; fileRef = 00BD60BD2E8720B600282945 /* ProfileSummary.swift */; };
		00BD60C02E8721C400282945 /* HikeBadge.swift in Sources */ = {isa = PBXBuildFile; fileRef = 00BD60BF2E8721C400282945 /* HikeBadge.swift */; };
		00BD60C22E87294700282945 /* ProfileEditor.swift in Sources */ = {isa = PBXBuildFile; fileRef = 00BD60C12E87294700282945 /* ProfileEditor.swift */; };
		00BD60C72E87305A00282945 /* PageViewController.swift in Sources */ = {isa = PBXBuildFile; fileRef = 00BD60C62E87305A00282945 /* PageViewController.swift */; };
		00BD60C92E8732BC00282945 /* FeatureCard.swift in Sources */ = {isa = PBXBuildFile; fileRef = 00BD60C82E8732BC00282945 /* FeatureCard.swift */; };
		00BD60CB2E8733B600282945 /* PageView.swift in Sources */ = {isa = PBXBuildFile; fileRef = 00BD60CA2E8733B600282945 /* PageView.swift */; };
		00BD60CD2E873A1800282945 /* PageControl.swift in Sources */ = {isa = PBXBuildFile; fileRef = 00BD60CC2E873A1800282945 /* PageControl.swift */; };
		00CFB6FF2E86BCDF00939AD9 /* LandmarkList.swift in Sources */ = {isa = PBXBuildFile; fileRef = 00CFB6FE2E86BCDF00939AD9 /* LandmarkList.swift */; };
		00CFB7012E86CC5500939AD9 /* LandmarkDetails.swift in Sources */ = {isa = PBXBuildFile; fileRef = 00CFB7002E86CC5500939AD9 /* LandmarkDetails.swift */; };
		00CFB7032E86E21500939AD9 /* FavoriteButton.swift in Sources */ = {isa = PBXBuildFile; fileRef = 00CFB7022E86E21500939AD9 /* FavoriteButton.swift */; };
		00D7D09A2E87447200B3A4E3 /* landmarkData.json in Resources */ = {isa = PBXBuildFile; fileRef = 00B980DA2E86B14F005D4EAB /* landmarkData.json */; };
		00D7D09B2E87447200B3A4E3 /* Assets.xcassets in Resources */ = {isa = PBXBuildFile; fileRef = 68B84AE028352BE200915D9D /* Assets.xcassets */; };
		00D7D09C2E87447200B3A4E3 /* hikeData.json in Resources */ = {isa = PBXBuildFile; fileRef = 00BD60A22E86FAEB00282945 /* hikeData.json */; };
		00D7D09D2E87447200B3A4E3 /* MapView.swift in Sources */ = {isa = PBXBuildFile; fileRef = 00B980C82E869DA1005D4EAB /* MapView.swift */; };
		00D7D09E2E87447200B3A4E3 /* CircleImage.swift in Sources */ = {isa = PBXBuildFile; fileRef = 00B980C62E869B27005D4EAB /* CircleImage.swift */; };
		00D7D09F2E87447200B3A4E3 /* MyApp.swift in Sources */ = {isa = PBXBuildFile; fileRef = 68B84AEC28352C2000915D9D /* MyApp.swift */; };
		00D7D0A02E87447200B3A4E3 /* Profile.swift in Sources */ = {isa = PBXBuildFile; fileRef = 00BD60B82E871F5900282945 /* Profile.swift */; };
		00D7D0A12E87447200B3A4E3 /* Landmark.swift in Sources */ = {isa = PBXBuildFile; fileRef = 00BD60A62E86FBD100282945 /* Landmark.swift */; };
		00D7D0A22E87447200B3A4E3 /* Hike.swift in Sources */ = {isa = PBXBuildFile; fileRef = 00BD60A42E86FB1D00282945 /* Hike.swift */; };
		00D7D0A32E87447200B3A4E3 /* FavoriteButton.swift in Sources */ = {isa = PBXBuildFile; fileRef = 00CFB7022E86E21500939AD9 /* FavoriteButton.swift */; };
		00D7D0A42E87447200B3A4E3 /* LandmarkRow.swift in Sources */ = {isa = PBXBuildFile; fileRef = 00BD60942E86E48D00282945 /* LandmarkRow.swift */; };
		00D7D0A52E87447200B3A4E3 /* ModelData.swift in Sources */ = {isa = PBXBuildFile; fileRef = 00B980EB2E86B320005D4EAB /* ModelData.swift */; };
		00D7D0A62E87447200B3A4E3 /* LandmarkList.swift in Sources */ = {isa = PBXBuildFile; fileRef = 00CFB6FE2E86BCDF00939AD9 /* LandmarkList.swift */; };
		68B84AE128352BE200915D9D /* Assets.xcassets in Resources */ = {isa = PBXBuildFile; fileRef = 68B84AE028352BE200915D9D /* Assets.xcassets */; };
		68B84AE528352BE200915D9D /* Preview Assets.xcassets in Resources */ = {isa = PBXBuildFile; fileRef = 68B84AE428352BE200915D9D /* Preview Assets.xcassets */; };
		68B84AED28352C2000915D9D /* ContentView.swift in Sources */ = {isa = PBXBuildFile; fileRef = 68B84AEB28352C2000915D9D /* ContentView.swift */; };
		68B84AEE28352C2000915D9D /* MyApp.swift in Sources */ = {isa = PBXBuildFile; fileRef = 68B84AEC28352C2000915D9D /* MyApp.swift */; };
/* End PBXBuildFile section */

/* Begin PBXFileReference section */
		0060112B7E51D9B599B34410 /* LICENSE.txt */ = {isa = PBXFileReference; includeInIndex = 1; lastKnownFileType = text; path = LICENSE.txt; sourceTree = "<group>"; };
		00B980C62E869B27005D4EAB /* CircleImage.swift */ = {isa = PBXFileReference; lastKnownFileType = sourcecode.swift; path = CircleImage.swift; sourceTree = "<group>"; };
		00B980C82E869DA1005D4EAB /* MapView.swift */ = {isa = PBXFileReference; lastKnownFileType = sourcecode.swift; path = MapView.swift; sourceTree = "<group>"; };
		00B980CC2E86B14F005D4EAB /* charleyrivers@2x.jpg */ = {isa = PBXFileReference; lastKnownFileType = image.jpeg; path = "charleyrivers@2x.jpg"; sourceTree = "<group>"; };
		00B980CD2E86B14F005D4EAB /* chilkoottrail@2x.jpg */ = {isa = PBXFileReference; lastKnownFileType = image.jpeg; path = "chilkoottrail@2x.jpg"; sourceTree = "<group>"; };
		00B980CE2E86B14F005D4EAB /* chincoteague@2x.jpg */ = {isa = PBXFileReference; lastKnownFileType = image.jpeg; path = "chincoteague@2x.jpg"; sourceTree = "<group>"; };
		00B980CF2E86B14F005D4EAB /* hiddenlake@2x.jpg */ = {isa = PBXFileReference; lastKnownFileType = image.jpeg; path = "hiddenlake@2x.jpg"; sourceTree = "<group>"; };
		00B980D02E86B14F005D4EAB /* icybay@2x.jpg */ = {isa = PBXFileReference; lastKnownFileType = image.jpeg; path = "icybay@2x.jpg"; sourceTree = "<group>"; };
		00B980D12E86B14F005D4EAB /* lakemcdonald@2x.jpg */ = {isa = PBXFileReference; lastKnownFileType = image.jpeg; path = "lakemcdonald@2x.jpg"; sourceTree = "<group>"; };
		00B980D22E86B14F005D4EAB /* rainbowlake@2x.jpg */ = {isa = PBXFileReference; lastKnownFileType = image.jpeg; path = "rainbowlake@2x.jpg"; sourceTree = "<group>"; };
		00B980D32E86B14F005D4EAB /* silversalmoncreek@2x.jpg */ = {isa = PBXFileReference; lastKnownFileType = image.jpeg; path = "silversalmoncreek@2x.jpg"; sourceTree = "<group>"; };
		00B980D42E86B14F005D4EAB /* stmarylake@2x.jpg */ = {isa = PBXFileReference; lastKnownFileType = image.jpeg; path = "stmarylake@2x.jpg"; sourceTree = "<group>"; };
		00B980D52E86B14F005D4EAB /* twinlake@2x.jpg */ = {isa = PBXFileReference; lastKnownFileType = image.jpeg; path = "twinlake@2x.jpg"; sourceTree = "<group>"; };
		00B980D62E86B14F005D4EAB /* umbagog@2x.jpg */ = {isa = PBXFileReference; lastKnownFileType = image.jpeg; path = "umbagog@2x.jpg"; sourceTree = "<group>"; };
		00B980D82E86B14F005D4EAB /* LICENSE.txt */ = {isa = PBXFileReference; lastKnownFileType = text; path = LICENSE.txt; sourceTree = "<group>"; };
		00B980DA2E86B14F005D4EAB /* landmarkData.json */ = {isa = PBXFileReference; lastKnownFileType = text.json; path = landmarkData.json; sourceTree = "<group>"; };
		00B980EB2E86B320005D4EAB /* ModelData.swift */ = {isa = PBXFileReference; lastKnownFileType = sourcecode.swift; path = ModelData.swift; sourceTree = "<group>"; };
		00BD60942E86E48D00282945 /* LandmarkRow.swift */ = {isa = PBXFileReference; lastKnownFileType = sourcecode.swift; path = LandmarkRow.swift; sourceTree = "<group>"; };
		00BD60972E86F22E00282945 /* HexagonParameters.swift */ = {isa = PBXFileReference; lastKnownFileType = sourcecode.swift; path = HexagonParameters.swift; sourceTree = "<group>"; };
		00BD60992E86F4CC00282945 /* BadgeBackground.swift */ = {isa = PBXFileReference; lastKnownFileType = sourcecode.swift; path = BadgeBackground.swift; sourceTree = "<group>"; };
		00BD609B2E86F8AB00282945 /* BadgeSymbol.swift */ = {isa = PBXFileReference; lastKnownFileType = sourcecode.swift; path = BadgeSymbol.swift; sourceTree = "<group>"; };
		00BD609D2E86F93000282945 /* RotatedBadgeSymbol.swift */ = {isa = PBXFileReference; lastKnownFileType = sourcecode.swift; path = RotatedBadgeSymbol.swift; sourceTree = "<group>"; };
		00BD609F2E86F96C00282945 /* Badge.swift */ = {isa = PBXFileReference; lastKnownFileType = sourcecode.swift; path = Badge.swift; sourceTree = "<group>"; };
		00BD60A22E86FAEB00282945 /* hikeData.json */ = {isa = PBXFileReference; lastKnownFileType = text.json; path = hikeData.json; sourceTree = "<group>"; };
		00BD60A42E86FB1D00282945 /* Hike.swift */ = {isa = PBXFileReference; lastKnownFileType = sourcecode.swift; path = Hike.swift; sourceTree = "<group>"; };
		00BD60A62E86FBD100282945 /* Landmark.swift */ = {isa = PBXFileReference; lastKnownFileType = sourcecode.swift; path = Landmark.swift; sourceTree = "<group>"; };
		00BD60A82E86FD2A00282945 /* GraphCapsule.swift */ = {isa = PBXFileReference; lastKnownFileType = sourcecode.swift; path = GraphCapsule.swift; sourceTree = "<group>"; };
		00BD60A92E86FD2A00282945 /* HikeDetail.swift */ = {isa = PBXFileReference; lastKnownFileType = sourcecode.swift; path = HikeDetail.swift; sourceTree = "<group>"; };
		00BD60AA2E86FD2A00282945 /* HikeGraph.swift */ = {isa = PBXFileReference; lastKnownFileType = sourcecode.swift; path = HikeGraph.swift; sourceTree = "<group>"; };
		00BD60AB2E86FD2A00282945 /* HikeView.swift */ = {isa = PBXFileReference; lastKnownFileType = sourcecode.swift; path = HikeView.swift; sourceTree = "<group>"; };
		00BD60B22E870F0B00282945 /* CategoryHome.swift */ = {isa = PBXFileReference; lastKnownFileType = sourcecode.swift; path = CategoryHome.swift; sourceTree = "<group>"; };
		00BD60B42E87126400282945 /* CategoryRow.swift */ = {isa = PBXFileReference; lastKnownFileType = sourcecode.swift; path = CategoryRow.swift; sourceTree = "<group>"; };
		00BD60B62E8714BA00282945 /* CategoryItem.swift */ = {isa = PBXFileReference; lastKnownFileType = sourcecode.swift; path = CategoryItem.swift; sourceTree = "<group>"; };
		00BD60B82E871F5900282945 /* Profile.swift */ = {isa = PBXFileReference; lastKnownFileType = sourcecode.swift; path = Profile.swift; sourceTree = "<group>"; };
		00BD60BB2E87202E00282945 /* ProfileHost.swift */ = {isa = PBXFileReference; lastKnownFileType = sourcecode.swift; path = ProfileHost.swift; sourceTree = "<group>"; };
		00BD60BD2E8720B600282945 /* ProfileSummary.swift */ = {isa = PBXFileReference; lastKnownFileType = sourcecode.swift; path = ProfileSummary.swift; sourceTree = "<group>"; };
		00BD60BF2E8721C400282945 /* HikeBadge.swift */ = {isa = PBXFileReference; lastKnownFileType = sourcecode.swift; path = HikeBadge.swift; sourceTree = "<group>"; };
		00BD60C12E87294700282945 /* ProfileEditor.swift */ = {isa = PBXFileReference; lastKnownFileType = sourcecode.swift; path = ProfileEditor.swift; sourceTree = "<group>"; };
		00BD60C62E87305A00282945 /* PageViewController.swift */ = {isa = PBXFileReference; lastKnownFileType = sourcecode.swift; path = PageViewController.swift; sourceTree = "<group>"; };
		00BD60C82E8732BC00282945 /* FeatureCard.swift */ = {isa = PBXFileReference; lastKnownFileType = sourcecode.swift; path = FeatureCard.swift; sourceTree = "<group>"; };
		00BD60CA2E8733B600282945 /* PageView.swift */ = {isa = PBXFileReference; lastKnownFileType = sourcecode.swift; path = PageView.swift; sourceTree = "<group>"; };
		00BD60CC2E873A1800282945 /* PageControl.swift */ = {isa = PBXFileReference; lastKnownFileType = sourcecode.swift; path = PageControl.swift; sourceTree = "<group>"; };
		00CFB6FE2E86BCDF00939AD9 /* LandmarkList.swift */ = {isa = PBXFileReference; lastKnownFileType = sourcecode.swift; path = LandmarkList.swift; sourceTree = "<group>"; };
		00CFB7002E86CC5500939AD9 /* LandmarkDetails.swift */ = {isa = PBXFileReference; lastKnownFileType = sourcecode.swift; path = LandmarkDetails.swift; sourceTree = "<group>"; };
		00CFB7022E86E21500939AD9 /* FavoriteButton.swift */ = {isa = PBXFileReference; lastKnownFileType = sourcecode.swift; path = FavoriteButton.swift; sourceTree = "<group>"; };
		00D7D08F2E8743BB00B3A4E3 /* macApp.app */ = {isa = PBXFileReference; explicitFileType = wrapper.application; includeInIndex = 0; path = macApp.app; sourceTree = BUILT_PRODUCTS_DIR; };
		0793E10BD85F36983FF48F0E /* SampleCode.xcconfig */ = {isa = PBXFileReference; lastKnownFileType = text.xcconfig; name = SampleCode.xcconfig; path = Configuration/SampleCode.xcconfig; sourceTree = "<group>"; };
		68817B2528352D6900AEE787 /* README.md */ = {isa = PBXFileReference; lastKnownFileType = net.daringfireball.markdown; path = README.md; sourceTree = "<group>"; };
		68B84AD928352BE200915D9D /* AppSample.app */ = {isa = PBXFileReference; explicitFileType = wrapper.application; includeInIndex = 0; path = AppSample.app; sourceTree = BUILT_PRODUCTS_DIR; };
		68B84AE028352BE200915D9D /* Assets.xcassets */ = {isa = PBXFileReference; lastKnownFileType = folder.assetcatalog; path = Assets.xcassets; sourceTree = "<group>"; };
		68B84AE228352BE200915D9D /* AppSample.entitlements */ = {isa = PBXFileReference; lastKnownFileType = text.plist.entitlements; path = AppSample.entitlements; sourceTree = "<group>"; };
		68B84AE428352BE200915D9D /* Preview Assets.xcassets */ = {isa = PBXFileReference; lastKnownFileType = folder.assetcatalog; path = "Preview Assets.xcassets"; sourceTree = "<group>"; };
		68B84AEB28352C2000915D9D /* ContentView.swift */ = {isa = PBXFileReference; fileEncoding = 4; lastKnownFileType = sourcecode.swift; path = ContentView.swift; sourceTree = "<group>"; };
		68B84AEC28352C2000915D9D /* MyApp.swift */ = {isa = PBXFileReference; fileEncoding = 4; lastKnownFileType = sourcecode.swift; path = MyApp.swift; sourceTree = "<group>"; };
/* End PBXFileReference section */

/* Begin PBXFileSystemSynchronizedRootGroup section */
		00D7D0902E8743BB00B3A4E3 /* macApp */ = {isa = PBXFileSystemSynchronizedRootGroup; explicitFileTypes = {}; explicitFolders = (); path = macApp; sourceTree = "<group>"; };
/* End PBXFileSystemSynchronizedRootGroup section */

/* Begin PBXFrameworksBuildPhase section */
		00D7D08C2E8743BB00B3A4E3 /* Frameworks */ = {
			isa = PBXFrameworksBuildPhase;
			buildActionMask = 2147483647;
			files = (
			);
			runOnlyForDeploymentPostprocessing = 0;
		};
		68B84AD628352BE100915D9D /* Frameworks */ = {
			isa = PBXFrameworksBuildPhase;
			buildActionMask = 2147483647;
			files = (
			);
			runOnlyForDeploymentPostprocessing = 0;
		};
/* End PBXFrameworksBuildPhase section */

/* Begin PBXGroup section */
		00B980D72E86B14F005D4EAB /* Images */ = {
			isa = PBXGroup;
			children = (
				00B980CC2E86B14F005D4EAB /* charleyrivers@2x.jpg */,
				00B980CD2E86B14F005D4EAB /* chilkoottrail@2x.jpg */,
				00B980CE2E86B14F005D4EAB /* chincoteague@2x.jpg */,
				00B980CF2E86B14F005D4EAB /* hiddenlake@2x.jpg */,
				00B980D02E86B14F005D4EAB /* icybay@2x.jpg */,
				00B980D12E86B14F005D4EAB /* lakemcdonald@2x.jpg */,
				00B980D22E86B14F005D4EAB /* rainbowlake@2x.jpg */,
				00B980D32E86B14F005D4EAB /* silversalmoncreek@2x.jpg */,
				00B980D42E86B14F005D4EAB /* stmarylake@2x.jpg */,
				00B980D52E86B14F005D4EAB /* twinlake@2x.jpg */,
				00B980D62E86B14F005D4EAB /* umbagog@2x.jpg */,
			);
			path = Images;
			sourceTree = "<group>";
		};
		00B980D92E86B14F005D4EAB /* LICENSE */ = {
			isa = PBXGroup;
			children = (
				00B980D82E86B14F005D4EAB /* LICENSE.txt */,
			);
			path = LICENSE;
			sourceTree = "<group>";
		};
		00B980DB2E86B14F005D4EAB /* Resources */ = {
			isa = PBXGroup;
			children = (
				00B980D72E86B14F005D4EAB /* Images */,
				00B980D92E86B14F005D4EAB /* LICENSE */,
				00B980DA2E86B14F005D4EAB /* landmarkData.json */,
				00BD60A22E86FAEB00282945 /* hikeData.json */,
			);
			path = Resources;
			sourceTree = "<group>";
		};
		00B980ED2E86B507005D4EAB /* Model */ = {
			isa = PBXGroup;
			children = (
				00B980EB2E86B320005D4EAB /* ModelData.swift */,
				00BD60A42E86FB1D00282945 /* Hike.swift */,
				00BD60A62E86FBD100282945 /* Landmark.swift */,
				00BD60B82E871F5900282945 /* Profile.swift */,
			);
			path = Model;
			sourceTree = "<group>";
		};
		00B980F02E86B552005D4EAB /* Views */ = {
			isa = PBXGroup;
			children = (
				00BD60C32E872FCC00282945 /* PageVIew */,
				00BD60BA2E87201900282945 /* Profile */,
				00BD60B12E870EC400282945 /* Categories */,
				00BD60962E86E4CF00282945 /* Helper */,
				68B84AEB28352C2000915D9D /* ContentView.swift */,
				00CFB7042E86E39900939AD9 /* Landmarks */,
				00BD60A12E86F9FE00282945 /* Badges */,
				00BD60AC2E86FD2A00282945 /* Hikes */,
			);
			path = Views;
			sourceTree = "<group>";
		};
		00BD60962E86E4CF00282945 /* Helper */ = {
			isa = PBXGroup;
			children = (
				00B980C62E869B27005D4EAB /* CircleImage.swift */,
				00B980C82E869DA1005D4EAB /* MapView.swift */,
				00CFB7022E86E21500939AD9 /* FavoriteButton.swift */,
			);
			path = Helper;
			sourceTree = "<group>";
		};
		00BD60A12E86F9FE00282945 /* Badges */ = {
			isa = PBXGroup;
			children = (
				00BD609F2E86F96C00282945 /* Badge.swift */,
				00BD60992E86F4CC00282945 /* BadgeBackground.swift */,
				00BD60972E86F22E00282945 /* HexagonParameters.swift */,
				00BD609D2E86F93000282945 /* RotatedBadgeSymbol.swift */,
				00BD609B2E86F8AB00282945 /* BadgeSymbol.swift */,
			);
			path = Badges;
			sourceTree = "<group>";
		};
		00BD60AC2E86FD2A00282945 /* Hikes */ = {
			isa = PBXGroup;
			children = (
				00BD60A82E86FD2A00282945 /* GraphCapsule.swift */,
				00BD60A92E86FD2A00282945 /* HikeDetail.swift */,
				00BD60AA2E86FD2A00282945 /* HikeGraph.swift */,
				00BD60AB2E86FD2A00282945 /* HikeView.swift */,
				00BD60BF2E8721C400282945 /* HikeBadge.swift */,
			);
			path = Hikes;
			sourceTree = "<group>";
		};
		00BD60B12E870EC400282945 /* Categories */ = {
			isa = PBXGroup;
			children = (
				00BD60B22E870F0B00282945 /* CategoryHome.swift */,
				00BD60B42E87126400282945 /* CategoryRow.swift */,
				00BD60B62E8714BA00282945 /* CategoryItem.swift */,
				00BD60C82E8732BC00282945 /* FeatureCard.swift */,
			);
			path = Categories;
			sourceTree = "<group>";
		};
		00BD60BA2E87201900282945 /* Profile */ = {
			isa = PBXGroup;
			children = (
				00BD60BB2E87202E00282945 /* ProfileHost.swift */,
				00BD60C12E87294700282945 /* ProfileEditor.swift */,
				00BD60BD2E8720B600282945 /* ProfileSummary.swift */,
			);
			path = Profile;
			sourceTree = "<group>";
		};
		00BD60C32E872FCC00282945 /* PageVIew */ = {
			isa = PBXGroup;
			children = (
				00BD60C62E87305A00282945 /* PageViewController.swift */,
				00BD60CA2E8733B600282945 /* PageView.swift */,
				00BD60CC2E873A1800282945 /* PageControl.swift */,
			);
			path = PageVIew;
			sourceTree = "<group>";
		};
		00CFB7042E86E39900939AD9 /* Landmarks */ = {
			isa = PBXGroup;
			children = (
				00CFB6FE2E86BCDF00939AD9 /* LandmarkList.swift */,
				00CFB7002E86CC5500939AD9 /* LandmarkDetails.swift */,
				00BD60942E86E48D00282945 /* LandmarkRow.swift */,
			);
			path = Landmarks;
			sourceTree = "<group>";
		};
		0BCEAB896A2CDEF142EB71AA /* LICENSE */ = {
			isa = PBXGroup;
			children = (
				0060112B7E51D9B599B34410 /* LICENSE.txt */,
			);
			path = LICENSE;
			sourceTree = "<group>";
		};
		68B84AD028352BE100915D9D = {
			isa = PBXGroup;
			children = (
				68817B2528352D6900AEE787 /* README.md */,
				68B84ADB28352BE200915D9D /* AppSample */,
				00D7D0902E8743BB00B3A4E3 /* macApp */,
				68B84ADA28352BE200915D9D /* Products */,
				D1879971518D0C5D52D037E9 /* Configuration */,
				0BCEAB896A2CDEF142EB71AA /* LICENSE */,
				00B980DB2E86B14F005D4EAB /* Resources */,
			);
			sourceTree = "<group>";
		};
		68B84ADA28352BE200915D9D /* Products */ = {
			isa = PBXGroup;
			children = (
				68B84AD928352BE200915D9D /* AppSample.app */,
				00D7D08F2E8743BB00B3A4E3 /* macApp.app */,
			);
			name = Products;
			sourceTree = "<group>";
		};
		68B84ADB28352BE200915D9D /* AppSample */ = {
			isa = PBXGroup;
			children = (
				68B84AEC28352C2000915D9D /* MyApp.swift */,
				68B84AE028352BE200915D9D /* Assets.xcassets */,
				68B84AE228352BE200915D9D /* AppSample.entitlements */,
				68B84AE328352BE200915D9D /* Preview Content */,
				00B980F02E86B552005D4EAB /* Views */,
				00B980ED2E86B507005D4EAB /* Model */,
			);
			path = AppSample;
			sourceTree = "<group>";
		};
		68B84AE328352BE200915D9D /* Preview Content */ = {
			isa = PBXGroup;
			children = (
				68B84AE428352BE200915D9D /* Preview Assets.xcassets */,
			);
			path = "Preview Content";
			sourceTree = "<group>";
		};
		D1879971518D0C5D52D037E9 /* Configuration */ = {
			isa = PBXGroup;
			children = (
				0793E10BD85F36983FF48F0E /* SampleCode.xcconfig */,
			);
			name = Configuration;
			sourceTree = "<group>";
		};
/* End PBXGroup section */

/* Begin PBXNativeTarget section */
		00D7D08E2E8743BB00B3A4E3 /* macApp */ = {
			isa = PBXNativeTarget;
			buildConfigurationList = 00D7D0972E8743BB00B3A4E3 /* Build configuration list for PBXNativeTarget "macApp" */;
			buildPhases = (
				00D7D08B2E8743BB00B3A4E3 /* Sources */,
				00D7D08C2E8743BB00B3A4E3 /* Frameworks */,
				00D7D08D2E8743BB00B3A4E3 /* Resources */,
			);
			buildRules = (
			);
			dependencies = (
			);
			fileSystemSynchronizedGroups = (
				00D7D0902E8743BB00B3A4E3 /* macApp */,
			);
			name = macApp;
			packageProductDependencies = (
			);
			productName = macApp;
			productReference = 00D7D08F2E8743BB00B3A4E3 /* macApp.app */;
			productType = "com.apple.product-type.application";
		};
		68B84AD828352BE100915D9D /* AppSample */ = {
			isa = PBXNativeTarget;
			buildConfigurationList = 68B84AE828352BE200915D9D /* Build configuration list for PBXNativeTarget "AppSample" */;
			buildPhases = (
				68B84AD528352BE100915D9D /* Sources */,
				68B84AD628352BE100915D9D /* Frameworks */,
				68B84AD728352BE100915D9D /* Resources */,
			);
			buildRules = (
			);
			dependencies = (
			);
			name = AppSample;
			productName = AppSample;
			productReference = 68B84AD928352BE200915D9D /* AppSample.app */;
			productType = "com.apple.product-type.application";
		};
/* End PBXNativeTarget section */

/* Begin PBXProject section */
		68B84AD128352BE100915D9D /* Project object */ = {
			isa = PBXProject;
			attributes = {
				BuildIndependentTargetsInParallel = 1;
				LastSwiftUpdateCheck = 2600;
				LastUpgradeCheck = 2600;
				ORGANIZATIONNAME = Apple;
				TargetAttributes = {
					00D7D08E2E8743BB00B3A4E3 = {
						CreatedOnToolsVersion = 26.0;
					};
					68B84AD828352BE100915D9D = {
						CreatedOnToolsVersion = 14.0;
						LastSwiftMigration = 1400;
					};
				};
			};
			buildConfigurationList = 68B84AD428352BE100915D9D /* Build configuration list for PBXProject "AppSample" */;
			compatibilityVersion = "Xcode 14.0";
			developmentRegion = en;
			hasScannedForEncodings = 0;
			knownRegions = (
				en,
				Base,
			);
			mainGroup = 68B84AD028352BE100915D9D;
			productRefGroup = 68B84ADA28352BE200915D9D /* Products */;
			projectDirPath = "";
			projectRoot = "";
			targets = (
				68B84AD828352BE100915D9D /* AppSample */,
				00D7D08E2E8743BB00B3A4E3 /* macApp */,
			);
		};
/* End PBXProject section */

/* Begin PBXResourcesBuildPhase section */
		00D7D08D2E8743BB00B3A4E3 /* Resources */ = {
			isa = PBXResourcesBuildPhase;
			buildActionMask = 2147483647;
			files = (
				00D7D09A2E87447200B3A4E3 /* landmarkData.json in Resources */,
				00D7D09B2E87447200B3A4E3 /* Assets.xcassets in Resources */,
				00D7D09C2E87447200B3A4E3 /* hikeData.json in Resources */,
			);
			runOnlyForDeploymentPostprocessing = 0;
		};
		68B84AD728352BE100915D9D /* Resources */ = {
			isa = PBXResourcesBuildPhase;
			buildActionMask = 2147483647;
			files = (
				00BD60A32E86FAEB00282945 /* hikeData.json in Resources */,
				68B84AE528352BE200915D9D /* Preview Assets.xcassets in Resources */,
				00B980DC2E86B14F005D4EAB /* chilkoottrail@2x.jpg in Resources */,
				00B980DD2E86B14F005D4EAB /* icybay@2x.jpg in Resources */,
				00B980DE2E86B14F005D4EAB /* rainbowlake@2x.jpg in Resources */,
				00B980DF2E86B14F005D4EAB /* charleyrivers@2x.jpg in Resources */,
				00B980E02E86B14F005D4EAB /* LICENSE.txt in Resources */,
				00B980E12E86B14F005D4EAB /* stmarylake@2x.jpg in Resources */,
				00B980E22E86B14F005D4EAB /* twinlake@2x.jpg in Resources */,
				00B980E32E86B14F005D4EAB /* landmarkData.json in Resources */,
				00B980E42E86B14F005D4EAB /* lakemcdonald@2x.jpg in Resources */,
				00B980E52E86B14F005D4EAB /* umbagog@2x.jpg in Resources */,
				00B980E62E86B14F005D4EAB /* hiddenlake@2x.jpg in Resources */,
				00B980E72E86B14F005D4EAB /* chincoteague@2x.jpg in Resources */,
				00B980E82E86B14F005D4EAB /* silversalmoncreek@2x.jpg in Resources */,
				68B84AE128352BE200915D9D /* Assets.xcassets in Resources */,
			);
			runOnlyForDeploymentPostprocessing = 0;
		};
/* End PBXResourcesBuildPhase section */

/* Begin PBXSourcesBuildPhase section */
		00D7D08B2E8743BB00B3A4E3 /* Sources */ = {
			isa = PBXSourcesBuildPhase;
			buildActionMask = 2147483647;
			files = (
				00D7D09D2E87447200B3A4E3 /* MapView.swift in Sources */,
				00D7D09E2E87447200B3A4E3 /* CircleImage.swift in Sources */,
				00D7D09F2E87447200B3A4E3 /* MyApp.swift in Sources */,
				00D7D0A02E87447200B3A4E3 /* Profile.swift in Sources */,
				00D7D0A12E87447200B3A4E3 /* Landmark.swift in Sources */,
				00D7D0A22E87447200B3A4E3 /* Hike.swift in Sources */,
				00D7D0A32E87447200B3A4E3 /* FavoriteButton.swift in Sources */,
				00D7D0A42E87447200B3A4E3 /* LandmarkRow.swift in Sources */,
				00D7D0A52E87447200B3A4E3 /* ModelData.swift in Sources */,
				00D7D0A62E87447200B3A4E3 /* LandmarkList.swift in Sources */,
			);
			runOnlyForDeploymentPostprocessing = 0;
		};
		68B84AD528352BE100915D9D /* Sources */ = {
			isa = PBXSourcesBuildPhase;
			buildActionMask = 2147483647;
			files = (
				00BD60B52E87126400282945 /* CategoryRow.swift in Sources */,
				00BD60B92E871F5900282945 /* Profile.swift in Sources */,
				68B84AED28352C2000915D9D /* ContentView.swift in Sources */,
				00BD60B32E870F0B00282945 /* CategoryHome.swift in Sources */,
				00BD60C92E8732BC00282945 /* FeatureCard.swift in Sources */,
				00BD60A02E86F96C00282945 /* Badge.swift in Sources */,
				00B980C92E869DA1005D4EAB /* MapView.swift in Sources */,
				00BD60A72E86FBD100282945 /* Landmark.swift in Sources */,
				68B84AEE28352C2000915D9D /* MyApp.swift in Sources */,
				00CFB7032E86E21500939AD9 /* FavoriteButton.swift in Sources */,
				00BD60CD2E873A1800282945 /* PageControl.swift in Sources */,
				00BD60982E86F22E00282945 /* HexagonParameters.swift in Sources */,
				00BD60B72E8714BA00282945 /* CategoryItem.swift in Sources */,
				00BD60A52E86FB1D00282945 /* Hike.swift in Sources */,
				00BD60BE2E8720B600282945 /* ProfileSummary.swift in Sources */,
				00BD609E2E86F93000282945 /* RotatedBadgeSymbol.swift in Sources */,
				00BD60BC2E87202E00282945 /* ProfileHost.swift in Sources */,
				00BD609C2E86F8AB00282945 /* BadgeSymbol.swift in Sources */,
				00CFB6FF2E86BCDF00939AD9 /* LandmarkList.swift in Sources */,
				00BD60CB2E8733B600282945 /* PageView.swift in Sources */,
				00BD60AD2E86FD2A00282945 /* HikeView.swift in Sources */,
				00BD60C22E87294700282945 /* ProfileEditor.swift in Sources */,
				00BD60AE2E86FD2A00282945 /* HikeDetail.swift in Sources */,
				00BD60AF2E86FD2A00282945 /* HikeGraph.swift in Sources */,
				00BD60B02E86FD2A00282945 /* GraphCapsule.swift in Sources */,
				00BD60C72E87305A00282945 /* PageViewController.swift in Sources */,
				00B980C72E869B27005D4EAB /* CircleImage.swift in Sources */,
				00BD60C02E8721C400282945 /* HikeBadge.swift in Sources */,
				00BD609A2E86F4CC00282945 /* BadgeBackground.swift in Sources */,
				00B980EC2E86B320005D4EAB /* ModelData.swift in Sources */,
				00BD60952E86E48D00282945 /* LandmarkRow.swift in Sources */,
				00CFB7012E86CC5500939AD9 /* LandmarkDetails.swift in Sources */,
			);
			runOnlyForDeploymentPostprocessing = 0;
		};
/* End PBXSourcesBuildPhase section */

/* Begin XCBuildConfiguration section */
		00D7D0982E8743BB00B3A4E3 /* Debug */ = {
			isa = XCBuildConfiguration;
			buildSettings = {
				ASSETCATALOG_COMPILER_APPICON_NAME = AppIcon;
				ASSETCATALOG_COMPILER_GENERATE_SWIFT_ASSET_SYMBOL_EXTENSIONS = YES;
				ASSETCATALOG_COMPILER_GLOBAL_ACCENT_COLOR_NAME = AccentColor;
				CLANG_CXX_LANGUAGE_STANDARD = "gnu++20";
				CODE_SIGN_STYLE = Automatic;
				COMBINE_HIDPI_IMAGES = YES;
				CURRENT_PROJECT_VERSION = 1;
				DEVELOPMENT_TEAM = 797YU4KXW5;
				ENABLE_APP_SANDBOX = YES;
				ENABLE_HARDENED_RUNTIME = YES;
				ENABLE_PREVIEWS = YES;
				ENABLE_USER_SELECTED_FILES = readonly;
				GCC_C_LANGUAGE_STANDARD = gnu17;
				GENERATE_INFOPLIST_FILE = YES;
				INFOPLIST_KEY_NSHumanReadableCopyright = "Copyright © 2025 Apple. All rights reserved.";
				LD_RUNPATH_SEARCH_PATHS = (
					"$(inherited)",
					"@executable_path/../Frameworks",
				);
				LOCALIZATION_PREFERS_STRING_CATALOGS = YES;
				MACOSX_DEPLOYMENT_TARGET = 26.0;
				MARKETING_VERSION = 1.0;
				PRODUCT_BUNDLE_IDENTIFIER = app.baani.macApp;
				PRODUCT_NAME = "$(TARGET_NAME)";
				REGISTER_APP_GROUPS = YES;
				SDKROOT = macosx;
				STRING_CATALOG_GENERATE_SYMBOLS = YES;
				SWIFT_ACTIVE_COMPILATION_CONDITIONS = "DEBUG $(inherited)";
				SWIFT_APPROACHABLE_CONCURRENCY = YES;
				SWIFT_DEFAULT_ACTOR_ISOLATION = MainActor;
				SWIFT_EMIT_LOC_STRINGS = YES;
				SWIFT_UPCOMING_FEATURE_MEMBER_IMPORT_VISIBILITY = YES;
				SWIFT_VERSION = 5.0;
			};
			name = Debug;
		};
		00D7D0992E8743BB00B3A4E3 /* Release */ = {
			isa = XCBuildConfiguration;
			buildSettings = {
				ASSETCATALOG_COMPILER_APPICON_NAME = AppIcon;
				ASSETCATALOG_COMPILER_GENERATE_SWIFT_ASSET_SYMBOL_EXTENSIONS = YES;
				ASSETCATALOG_COMPILER_GLOBAL_ACCENT_COLOR_NAME = AccentColor;
				CLANG_CXX_LANGUAGE_STANDARD = "gnu++20";
				CODE_SIGN_STYLE = Automatic;
				COMBINE_HIDPI_IMAGES = YES;
				CURRENT_PROJECT_VERSION = 1;
				DEVELOPMENT_TEAM = 797YU4KXW5;
				ENABLE_APP_SANDBOX = YES;
				ENABLE_HARDENED_RUNTIME = YES;
				ENABLE_PREVIEWS = YES;
				ENABLE_USER_SELECTED_FILES = readonly;
				GCC_C_LANGUAGE_STANDARD = gnu17;
				GENERATE_INFOPLIST_FILE = YES;
				INFOPLIST_KEY_NSHumanReadableCopyright = "Copyright © 2025 Apple. All rights reserved.";
				LD_RUNPATH_SEARCH_PATHS = (
					"$(inherited)",
					"@executable_path/../Frameworks",
				);
				LOCALIZATION_PREFERS_STRING_CATALOGS = YES;
				MACOSX_DEPLOYMENT_TARGET = 26.0;
				MARKETING_VERSION = 1.0;
				PRODUCT_BUNDLE_IDENTIFIER = app.baani.macApp;
				PRODUCT_NAME = "$(TARGET_NAME)";
				REGISTER_APP_GROUPS = YES;
				SDKROOT = macosx;
				STRING_CATALOG_GENERATE_SYMBOLS = YES;
				SWIFT_APPROACHABLE_CONCURRENCY = YES;
				SWIFT_DEFAULT_ACTOR_ISOLATION = MainActor;
				SWIFT_EMIT_LOC_STRINGS = YES;
				SWIFT_UPCOMING_FEATURE_MEMBER_IMPORT_VISIBILITY = YES;
				SWIFT_VERSION = 5.0;
			};
			name = Release;
		};
		68B84AE628352BE200915D9D /* Debug */ = {
			isa = XCBuildConfiguration;
			baseConfigurationReference = 0793E10BD85F36983FF48F0E /* SampleCode.xcconfig */;
			buildSettings = {
				ALWAYS_SEARCH_USER_PATHS = NO;
				CLANG_ANALYZER_NONNULL = YES;
				CLANG_ANALYZER_NUMBER_OBJECT_CONVERSION = YES_AGGRESSIVE;
				CLANG_CXX_LANGUAGE_STANDARD = "gnu++17";
				CLANG_ENABLE_MODULES = YES;
				CLANG_ENABLE_OBJC_ARC = YES;
				CLANG_ENABLE_OBJC_WEAK = YES;
				CLANG_WARN_BLOCK_CAPTURE_AUTORELEASING = YES;
				CLANG_WARN_BOOL_CONVERSION = YES;
				CLANG_WARN_COMMA = YES;
				CLANG_WARN_CONSTANT_CONVERSION = YES;
				CLANG_WARN_DEPRECATED_OBJC_IMPLEMENTATIONS = YES;
				CLANG_WARN_DIRECT_OBJC_ISA_USAGE = YES_ERROR;
				CLANG_WARN_DOCUMENTATION_COMMENTS = YES;
				CLANG_WARN_EMPTY_BODY = YES;
				CLANG_WARN_ENUM_CONVERSION = YES;
				CLANG_WARN_INFINITE_RECURSION = YES;
				CLANG_WARN_INT_CONVERSION = YES;
				CLANG_WARN_NON_LITERAL_NULL_CONVERSION = YES;
				CLANG_WARN_OBJC_IMPLICIT_RETAIN_SELF = YES;
				CLANG_WARN_OBJC_LITERAL_CONVERSION = YES;
				CLANG_WARN_OBJC_ROOT_CLASS = YES_ERROR;
				CLANG_WARN_QUOTED_INCLUDE_IN_FRAMEWORK_HEADER = YES;
				CLANG_WARN_RANGE_LOOP_ANALYSIS = YES;
				CLANG_WARN_STRICT_PROTOTYPES = YES;
				CLANG_WARN_SUSPICIOUS_MOVE = YES;
				CLANG_WARN_UNGUARDED_AVAILABILITY = YES_AGGRESSIVE;
				CLANG_WARN_UNREACHABLE_CODE = YES;
				CLANG_WARN__DUPLICATE_METHOD_MATCH = YES;
				COPY_PHASE_STRIP = NO;
				DEAD_CODE_STRIPPING = YES;
				DEBUG_INFORMATION_FORMAT = dwarf;
				DEVELOPMENT_TEAM = 797YU4KXW5;
				ENABLE_STRICT_OBJC_MSGSEND = YES;
				ENABLE_TESTABILITY = YES;
				ENABLE_USER_SCRIPT_SANDBOXING = YES;
				GCC_C_LANGUAGE_STANDARD = gnu11;
				GCC_DYNAMIC_NO_PIC = NO;
				GCC_NO_COMMON_BLOCKS = YES;
				GCC_OPTIMIZATION_LEVEL = 0;
				GCC_PREPROCESSOR_DEFINITIONS = (
					"DEBUG=1",
					"$(inherited)",
				);
				GCC_WARN_64_TO_32_BIT_CONVERSION = YES;
				GCC_WARN_ABOUT_RETURN_TYPE = YES_ERROR;
				GCC_WARN_UNDECLARED_SELECTOR = YES;
				GCC_WARN_UNINITIALIZED_AUTOS = YES_AGGRESSIVE;
				GCC_WARN_UNUSED_FUNCTION = YES;
				GCC_WARN_UNUSED_VARIABLE = YES;
				MTL_ENABLE_DEBUG_INFO = INCLUDE_SOURCE;
				MTL_FAST_MATH = YES;
				ONLY_ACTIVE_ARCH = YES;
				STRING_CATALOG_GENERATE_SYMBOLS = YES;
				SWIFT_ACTIVE_COMPILATION_CONDITIONS = DEBUG;
				SWIFT_OPTIMIZATION_LEVEL = "-Onone";
			};
			name = Debug;
		};
		68B84AE728352BE200915D9D /* Release */ = {
			isa = XCBuildConfiguration;
			baseConfigurationReference = 0793E10BD85F36983FF48F0E /* SampleCode.xcconfig */;
			buildSettings = {
				ALWAYS_SEARCH_USER_PATHS = NO;
				CLANG_ANALYZER_NONNULL = YES;
				CLANG_ANALYZER_NUMBER_OBJECT_CONVERSION = YES_AGGRESSIVE;
				CLANG_CXX_LANGUAGE_STANDARD = "gnu++17";
				CLANG_ENABLE_MODULES = YES;
				CLANG_ENABLE_OBJC_ARC = YES;
				CLANG_ENABLE_OBJC_WEAK = YES;
				CLANG_WARN_BLOCK_CAPTURE_AUTORELEASING = YES;
				CLANG_WARN_BOOL_CONVERSION = YES;
				CLANG_WARN_COMMA = YES;
				CLANG_WARN_CONSTANT_CONVERSION = YES;
				CLANG_WARN_DEPRECATED_OBJC_IMPLEMENTATIONS = YES;
				CLANG_WARN_DIRECT_OBJC_ISA_USAGE = YES_ERROR;
				CLANG_WARN_DOCUMENTATION_COMMENTS = YES;
				CLANG_WARN_EMPTY_BODY = YES;
				CLANG_WARN_ENUM_CONVERSION = YES;
				CLANG_WARN_INFINITE_RECURSION = YES;
				CLANG_WARN_INT_CONVERSION = YES;
				CLANG_WARN_NON_LITERAL_NULL_CONVERSION = YES;
				CLANG_WARN_OBJC_IMPLICIT_RETAIN_SELF = YES;
				CLANG_WARN_OBJC_LITERAL_CONVERSION = YES;
				CLANG_WARN_OBJC_ROOT_CLASS = YES_ERROR;
				CLANG_WARN_QUOTED_INCLUDE_IN_FRAMEWORK_HEADER = YES;
				CLANG_WARN_RANGE_LOOP_ANALYSIS = YES;
				CLANG_WARN_STRICT_PROTOTYPES = YES;
				CLANG_WARN_SUSPICIOUS_MOVE = YES;
				CLANG_WARN_UNGUARDED_AVAILABILITY = YES_AGGRESSIVE;
				CLANG_WARN_UNREACHABLE_CODE = YES;
				CLANG_WARN__DUPLICATE_METHOD_MATCH = YES;
				COPY_PHASE_STRIP = NO;
				DEAD_CODE_STRIPPING = YES;
				DEBUG_INFORMATION_FORMAT = "dwarf-with-dsym";
				DEVELOPMENT_TEAM = 797YU4KXW5;
				ENABLE_NS_ASSERTIONS = NO;
				ENABLE_STRICT_OBJC_MSGSEND = YES;
				ENABLE_USER_SCRIPT_SANDBOXING = YES;
				GCC_C_LANGUAGE_STANDARD = gnu11;
				GCC_NO_COMMON_BLOCKS = YES;
				GCC_WARN_64_TO_32_BIT_CONVERSION = YES;
				GCC_WARN_ABOUT_RETURN_TYPE = YES_ERROR;
				GCC_WARN_UNDECLARED_SELECTOR = YES;
				GCC_WARN_UNINITIALIZED_AUTOS = YES_AGGRESSIVE;
				GCC_WARN_UNUSED_FUNCTION = YES;
				GCC_WARN_UNUSED_VARIABLE = YES;
				MTL_ENABLE_DEBUG_INFO = NO;
				MTL_FAST_MATH = YES;
				STRING_CATALOG_GENERATE_SYMBOLS = YES;
				SWIFT_COMPILATION_MODE = wholemodule;
				SWIFT_OPTIMIZATION_LEVEL = "-O";
			};
			name = Release;
		};
		68B84AE928352BE200915D9D /* Debug */ = {
			isa = XCBuildConfiguration;
			baseConfigurationReference = 0793E10BD85F36983FF48F0E /* SampleCode.xcconfig */;
			buildSettings = {
				ASSETCATALOG_COMPILER_APPICON_NAME = AppIcon;
				ASSETCATALOG_COMPILER_GLOBAL_ACCENT_COLOR_NAME = AccentColor;
				CLANG_ENABLE_MODULES = YES;
				CODE_SIGN_ENTITLEMENTS = AppSample/AppSample.entitlements;
				CODE_SIGN_STYLE = Automatic;
				CURRENT_PROJECT_VERSION = 1;
				DEAD_CODE_STRIPPING = YES;
				DEVELOPMENT_ASSET_PATHS = "\"AppSample/Preview Content\"";
				ENABLE_APP_SANDBOX = YES;
				ENABLE_HARDENED_RUNTIME = YES;
				ENABLE_PREVIEWS = YES;
				ENABLE_USER_SELECTED_FILES = readonly;
				GENERATE_INFOPLIST_FILE = YES;
				"INFOPLIST_KEY_UILaunchScreen_Generation[sdk=iphoneos*]" = YES;
				"INFOPLIST_KEY_UILaunchScreen_Generation[sdk=iphonesimulator*]" = YES;
				"INFOPLIST_KEY_UISupportedInterfaceOrientations_iPad[sdk=iphoneos*]" = "UIInterfaceOrientationPortrait UIInterfaceOrientationPortraitUpsideDown UIInterfaceOrientationLandscapeLeft UIInterfaceOrientationLandscapeRight";
				"INFOPLIST_KEY_UISupportedInterfaceOrientations_iPad[sdk=iphonesimulator*]" = "UIInterfaceOrientationPortrait UIInterfaceOrientationPortraitUpsideDown UIInterfaceOrientationLandscapeLeft UIInterfaceOrientationLandscapeRight";
				"INFOPLIST_KEY_UISupportedInterfaceOrientations_iPhone[sdk=iphoneos*]" = "UIInterfaceOrientationPortrait UIInterfaceOrientationLandscapeLeft UIInterfaceOrientationLandscapeRight";
				"INFOPLIST_KEY_UISupportedInterfaceOrientations_iPhone[sdk=iphonesimulator*]" = "UIInterfaceOrientationPortrait UIInterfaceOrientationLandscapeLeft UIInterfaceOrientationLandscapeRight";
				IPHONEOS_DEPLOYMENT_TARGET = 16.0;
				LD_RUNPATH_SEARCH_PATHS = "@executable_path/Frameworks";
				"LD_RUNPATH_SEARCH_PATHS[sdk=macosx*]" = "@executable_path/../Frameworks";
				MACOSX_DEPLOYMENT_TARGET = 13.0;
				MARKETING_VERSION = 1.0;
				PRODUCT_BUNDLE_IDENTIFIER = "com.example.apple-samplecode.AppSample${SAMPLE_CODE_DISAMBIGUATOR}";
				PRODUCT_NAME = "$(TARGET_NAME)";
				SDKROOT = auto;
				SUPPORTED_PLATFORMS = "iphoneos iphonesimulator macosx";
				SWIFT_EMIT_LOC_STRINGS = YES;
				SWIFT_OPTIMIZATION_LEVEL = "-Onone";
				SWIFT_VERSION = 5.0;
				TARGETED_DEVICE_FAMILY = "1,2";
			};
			name = Debug;
		};
		68B84AEA28352BE200915D9D /* Release */ = {
			isa = XCBuildConfiguration;
			baseConfigurationReference = 0793E10BD85F36983FF48F0E /* SampleCode.xcconfig */;
			buildSettings = {
				ASSETCATALOG_COMPILER_APPICON_NAME = AppIcon;
				ASSETCATALOG_COMPILER_GLOBAL_ACCENT_COLOR_NAME = AccentColor;
				CLANG_ENABLE_MODULES = YES;
				CODE_SIGN_ENTITLEMENTS = AppSample/AppSample.entitlements;
				CODE_SIGN_STYLE = Automatic;
				CURRENT_PROJECT_VERSION = 1;
				DEAD_CODE_STRIPPING = YES;
				DEVELOPMENT_ASSET_PATHS = "\"AppSample/Preview Content\"";
				ENABLE_APP_SANDBOX = YES;
				ENABLE_HARDENED_RUNTIME = YES;
				ENABLE_PREVIEWS = YES;
				ENABLE_USER_SELECTED_FILES = readonly;
				GENERATE_INFOPLIST_FILE = YES;
				"INFOPLIST_KEY_UILaunchScreen_Generation[sdk=iphoneos*]" = YES;
				"INFOPLIST_KEY_UILaunchScreen_Generation[sdk=iphonesimulator*]" = YES;
				"INFOPLIST_KEY_UISupportedInterfaceOrientations_iPad[sdk=iphoneos*]" = "UIInterfaceOrientationPortrait UIInterfaceOrientationPortraitUpsideDown UIInterfaceOrientationLandscapeLeft UIInterfaceOrientationLandscapeRight";
				"INFOPLIST_KEY_UISupportedInterfaceOrientations_iPad[sdk=iphonesimulator*]" = "UIInterfaceOrientationPortrait UIInterfaceOrientationPortraitUpsideDown UIInterfaceOrientationLandscapeLeft UIInterfaceOrientationLandscapeRight";
				"INFOPLIST_KEY_UISupportedInterfaceOrientations_iPhone[sdk=iphoneos*]" = "UIInterfaceOrientationPortrait UIInterfaceOrientationLandscapeLeft UIInterfaceOrientationLandscapeRight";
				"INFOPLIST_KEY_UISupportedInterfaceOrientations_iPhone[sdk=iphonesimulator*]" = "UIInterfaceOrientationPortrait UIInterfaceOrientationLandscapeLeft UIInterfaceOrientationLandscapeRight";
				IPHONEOS_DEPLOYMENT_TARGET = 16.0;
				LD_RUNPATH_SEARCH_PATHS = "@executable_path/Frameworks";
				"LD_RUNPATH_SEARCH_PATHS[sdk=macosx*]" = "@executable_path/../Frameworks";
				MACOSX_DEPLOYMENT_TARGET = 13.0;
				MARKETING_VERSION = 1.0;
				PRODUCT_BUNDLE_IDENTIFIER = "com.example.apple-samplecode.AppSample${SAMPLE_CODE_DISAMBIGUATOR}";
				PRODUCT_NAME = "$(TARGET_NAME)";
				SDKROOT = auto;
				SUPPORTED_PLATFORMS = "iphoneos iphonesimulator macosx";
				SWIFT_EMIT_LOC_STRINGS = YES;
				SWIFT_VERSION = 5.0;
				TARGETED_DEVICE_FAMILY = "1,2";
			};
			name = Release;
		};
/* End XCBuildConfiguration section */

/* Begin XCConfigurationList section */
		00D7D0972E8743BB00B3A4E3 /* Build configuration list for PBXNativeTarget "macApp" */ = {
			isa = XCConfigurationList;
			buildConfigurations = (
				00D7D0982E8743BB00B3A4E3 /* Debug */,
				00D7D0992E8743BB00B3A4E3 /* Release */,
			);
			defaultConfigurationIsVisible = 0;
			defaultConfigurationName = Release;
		};
		68B84AD428352BE100915D9D /* Build configuration list for PBXProject "AppSample" */ = {
			isa = XCConfigurationList;
			buildConfigurations = (
				68B84AE628352BE200915D9D /* Debug */,
				68B84AE728352BE200915D9D /* Release */,
			);
			defaultConfigurationIsVisible = 0;
			defaultConfigurationName = Release;
		};
		68B84AE828352BE200915D9D /* Build configuration list for PBXNativeTarget "AppSample" */ = {
			isa = XCConfigurationList;
			buildConfigurations = (
				68B84AE928352BE200915D9D /* Debug */,
				68B84AEA28352BE200915D9D /* Release */,
			);
			defaultConfigurationIsVisible = 0;
			defaultConfigurationName = Release;
		};
/* End XCConfigurationList section */
	};
	rootObject = 68B84AD128352BE100915D9D /* Project object */;
}
